
Microsoft Visual Studio Solution File, Format Version 12.00
# Visual Studio 15
VisualStudioVersion = 15.0.27004.2006
MinimumVisualStudioVersion = 10.0.40219.1
Project("{FAE04EC0-301F-11D3-BF4B-00C04F79EFBC}") = "FeiniuBus.Grpc.Hosting", "src\FeiniuBus.Grpc.Hosting\FeiniuBus.Grpc.Hosting.csproj", "{556272AC-2D30-48B8-85F3-2788578C3F84}"
EndProject
Project("{FAE04EC0-301F-11D3-BF4B-00C04F79EFBC}") = "FeiniuBus.Grpc.Hosting.Abstractions", "src\FeiniuBus.Grpc.Hosting.Abstractions\FeiniuBus.Grpc.Hosting.Abstractions.csproj", "{E947A7E0-1D2E-4B8F-BDE0-C196390079B5}"
EndProject
Project("{FAE04EC0-301F-11D3-BF4B-00C04F79EFBC}") = "FeiniuBus.Grpc.Hosting.Consul", "src\FeiniuBus.Grpc.Hosting.Consul\FeiniuBus.Grpc.Hosting.Consul.csproj", "{9F8E83FF-3D2C-4B90-AC42-C497482F5377}"
EndProject
Project("{FAE04EC0-301F-11D3-BF4B-00C04F79EFBC}") = "FeiniuBus.Grpc", "src\FeiniuBus.Grpc\FeiniuBus.Grpc.csproj", "{9D5AA08B-3842-4905-9072-C3E78671C517}"
EndProject
Global
	GlobalSection(SolutionConfigurationPlatforms) = preSolution
		Debug|Any CPU = Debug|Any CPU
		Release|Any CPU = Release|Any CPU
	EndGlobalSection
	GlobalSection(ProjectConfigurationPlatforms) = postSolution
		{556272AC-2D30-48B8-85F3-2788578C3F84}.Debug|Any CPU.ActiveCfg = Debug|Any CPU
		{556272AC-2D30-48B8-85F3-2788578C3F84}.Debug|Any CPU.Build.0 = Debug|Any CPU
		{556272AC-2D30-48B8-85F3-2788578C3F84}.Release|Any CPU.ActiveCfg = Release|Any CPU
		{556272AC-2D30-48B8-85F3-2788578C3F84}.Release|Any CPU.Build.0 = Release|Any CPU
		{E947A7E0-1D2E-4B8F-BDE0-C196390079B5}.Debug|Any CPU.ActiveCfg = Debug|Any CPU
		{E947A7E0-1D2E-4B8F-BDE0-C196390079B5}.Debug|Any CPU.Build.0 = Debug|Any CPU
		{E947A7E0-1D2E-4B8F-BDE0-C196390079B5}.Release|Any CPU.ActiveCfg = Release|Any CPU
		{E947A7E0-1D2E-4B8F-BDE0-C196390079B5}.Release|Any CPU.Build.0 = Release|Any CPU
		{9F8E83FF-3D2C-4B90-AC42-C497482F5377}.Debug|Any CPU.ActiveCfg = Debug|Any CPU
		{9F8E83FF-3D2C-4B90-AC42-C497482F5377}.Debug|Any CPU.Build.0 = Debug|Any CPU
		{9F8E83FF-3D2C-4B90-AC42-C497482F5377}.Release|Any CPU.ActiveCfg = Release|Any CPU
		{9F8E83FF-3D2C-4B90-AC42-C497482F5377}.Release|Any CPU.Build.0 = Release|Any CPU
		{9D5AA08B-3842-4905-9072-C3E78671C517}.Debug|Any CPU.ActiveCfg = Debug|Any CPU
		{9D5AA08B-3842-4905-9072-C3E78671C517}.Debug|Any CPU.Build.0 = Debug|Any CPU
		{9D5AA08B-3842-4905-9072-C3E78671C517}.Release|Any CPU.ActiveCfg = Release|Any CPU
		{9D5AA08B-3842-4905-9072-C3E78671C517}.Release|Any CPU.Build.0 = Release|Any CPU
	EndGlobalSection
	GlobalSection(SolutionProperties) = preSolution
		HideSolutionNode = FALSE
	EndGlobalSection
	GlobalSection(ExtensibilityGlobals) = postSolution
		SolutionGuid = {B8DE07EC-E8DD-4451-BE1C-C601C5C32740}
	EndGlobalSection
EndGlobal
